PODS:
  - Ads-CN-Beta (6.5.0.1):
    - Ads-CN-Beta/BUAdSDK (= 6.5.0.1)
  - Ads-CN-Beta/BUAdSDK (6.5.0.1)
  - Ads-CN-Beta/CSJMediation (6.5.0.1):
    - Ads-CN-Beta/BUAdSDK
  - BUAdTestMeasurement (3.7.0.2):
    - Ads-CN-Beta
  - Flutter (1.0.0)
  - flutter_gromore (0.0.1):
    - Ads-CN-Beta (= 6.5.0.1)
    - Flutter
  - permission_handler_apple (9.1.1):
    - Flutter

DEPENDENCIES:
  - Ads-CN-Beta/CSJMediation (= 6.5.0.1)
  - BUAdTestMeasurement (= 3.7.0.2)
  - Flutter (from `Flutter`)
  - flutter_gromore (from `.symlinks/plugins/flutter_gromore/ios`)
  - permission_handler_apple (from `.symlinks/plugins/permission_handler_apple/ios`)

SPEC REPOS:
  trunk:
    - Ads-CN-Beta
    - BUAdTestMeasurement

EXTERNAL SOURCES:
  Flutter:
    :path: Flutter
  flutter_gromore:
    :path: ".symlinks/plugins/flutter_gromore/ios"
  permission_handler_apple:
    :path: ".symlinks/plugins/permission_handler_apple/ios"

SPEC CHECKSUMS:
  Ads-CN-Beta: d57e2841fee59417cffa6d4b963b05d84d560bc3
  BUAdTestMeasurement: 741cd1348735f71cab1666330d4c27b8e9f95832
  Flutter: e0871f40cf51350855a761d2e70bf5af5b9b5de7
  flutter_gromore: dfc1e2a85f9ebbf9c5c8f95b77a4b2ea6c8576ae
  permission_handler_apple: e76247795d700c14ea09e3a2d8855d41ee80a2e6

PODFILE CHECKSUM: 900d4d8952acd3831b29b2d815c382bdf6a0bdf0

COCOAPODS: 1.15.2
